{
  "name": "fixture-fail",
  "lockfileVersion": 3,
  "packages": {
    "": {
      "dependencies": {
        "@purpusgit/service-auth-client": "github:purpusgit/bc_service_auth_client#9d40731de2d2e7d0201bceaa57b17cac3d64aa80",
        "express": "^4.18.2"
      }
    },
    "node_modules/@purpusgit/service-auth-client": {
      "version": "0.1.0",
      "resolved": "git+ssh://git@github.com/purpusgit/bc_service_auth_client.git#9d40731de2d2e7d0201bceaa57b17cac3d64aa80"
    },
    "node_modules/express": {
      "version": "4.22.2",
      "resolved": "https://registry.npmjs.org/express/-/express-4.22.2.tgz"
    }
  }
}
